{
  "name": "tesat",
  "lockfileVersion": 3,
  "requires": true,
  "packages": {
    "": {
      "dependencies": {
        "selenium-ai-agent": "^1.0.1"
      }
    },
    "node_modules/selenium-ai-agent": {
      "version": "1.0.1",
      "resolved": "https://registry.npmjs.org/selenium-ai-agent/-/selenium-ai-agent-1.0.1.tgz",
      "integrity": "sha512-c4pHPMaVYHmsASe/zisULzIQk6rdLU4H0lAkjLVHP3Y7wPko3c98FI9BmVimH9EEOi74IlISP0vKiAhTEy5XsA==",
      "hasInstallScript": true,
      "license": "MIT",
      "os": [
        "darwin",
        "linux",
        "win32"
      ],
      "bin": {
        "selenium-mcp": "bin/selenium-mcp.js"
      },
      "engines": {
        "node": ">=16.0.0"
      }
    }
  }
}
